// !$*UTF8*$!
{
	archiveVersion = 1;
	classes = {
	};
	objectVersion = 77;
	objects = {

/* Begin PBXBuildFile section */
		D8E286082DDE14120038DA9A /* FirebaseAnalytics in Frameworks */ = {isa = PBXBuildFile; productRef = D8E286072DDE14120038DA9A /* FirebaseAnalytics */; };
		D8E2860A2DDE14120038DA9A /* FirebaseAppCheck in Frameworks */ = {isa = PBXBuildFile; productRef = D8E286092DDE14120038DA9A /* FirebaseAppCheck */; };
		D8E2860C2DDE14120038DA9A /* FirebaseAuth in Frameworks */ = {isa = PBXBuildFile; productRef = D8E2860B2DDE14120038DA9A /* FirebaseAuth */; };
		D8E2860E2DDE14120038DA9A /* FirebaseCore in Frameworks */ = {isa = PBXBuildFile; productRef = D8E2860D2DDE14120038DA9A /* FirebaseCore */; };
		D8E286102DDE14120038DA9A /* FirebaseDatabase in Frameworks */ = {isa = PBXBuildFile; productRef = D8E2860F2DDE14120038DA9A /* FirebaseDatabase */; };
		D8E286182DDE1D440038DA9A /* GoogleSignIn in Frameworks */ = {isa = PBXBuildFile; productRef = D8E286172DDE1D440038DA9A /* GoogleSignIn */; };
		D8E2861A2DDE1D440038DA9A /* GoogleSignInSwift in Frameworks */ = {isa = PBXBuildFile; productRef = D8E286192DDE1D440038DA9A /* GoogleSignInSwift */; };
/* End PBXBuildFile section */

/* Begin PBXFileReference section */
		3FD17D552DEEDA8900C9BD69 /* HealthKit.framework */ = {isa = PBXFileReference; lastKnownFileType = wrapper.framework; name = HealthKit.framework; path = System/Library/Frameworks/HealthKit.framework; sourceTree = SDKROOT; };
		D8E2859E2DDE0FBB0038DA9A /* RakuApp.app */ = {isa = PBXFileReference; explicitFileType = wrapper.application; includeInIndex = 0; path = RakuApp.app; sourceTree = BUILT_PRODUCTS_DIR; };
/* End PBXFileReference section */

/* Begin PBXFileSystemSynchronizedBuildFileExceptionSet section */
		3FD17D532DEED8B000C9BD69 /* Exceptions for "RakuApp" folder in "RakuApp" target */ = {
			isa = PBXFileSystemSynchronizedBuildFileExceptionSet;
			membershipExceptions = (
				Info.plist,
			);
			target = D8E2859D2DDE0FBB0038DA9A /* RakuApp */;
		};
/* End PBXFileSystemSynchronizedBuildFileExceptionSet section */

/* Begin PBXFileSystemSynchronizedRootGroup section */
		D8E285A02DDE0FBB0038DA9A /* RakuApp */ = {
			isa = PBXFileSystemSynchronizedRootGroup;
			exceptions = (
				3FD17D532DEED8B000C9BD69 /* Exceptions for "RakuApp" folder in "RakuApp" target */,
			);
			path = RakuApp;
			sourceTree = "<group>";
		};
/* End PBXFileSystemSynchronizedRootGroup section */

/* Begin PBXFrameworksBuildPhase section */
		D8E2859B2DDE0FBB0038DA9A /* Frameworks */ = {
			isa = PBXFrameworksBuildPhase;
			buildActionMask = 2147483647;
			files = (
				D8E286102DDE14120038DA9A /* FirebaseDatabase in Frameworks */,
				D8E2860A2DDE14120038DA9A /* FirebaseAppCheck in Frameworks */,
				D8E2861A2DDE1D440038DA9A /* GoogleSignInSwift in Frameworks */,
				D8E2860C2DDE14120038DA9A /* FirebaseAuth in Frameworks */,
				D8E2860E2DDE14120038DA9A /* FirebaseCore in Frameworks */,
				D8E286082DDE14120038DA9A /* FirebaseAnalytics in Frameworks */,
				D8E286182DDE1D440038DA9A /* GoogleSignIn in Frameworks */,
			);
			runOnlyForDeploymentPostprocessing = 0;
		};
/* End PBXFrameworksBuildPhase section */

/* Begin PBXGroup section */
		3FD17D542DEEDA8800C9BD69 /* Frameworks */ = {
			isa = PBXGroup;
			children = (
				3FD17D552DEEDA8900C9BD69 /* HealthKit.framework */,
			);
			name = Frameworks;
			sourceTree = "<group>";
		};
		D8E285952DDE0FBA0038DA9A = {
			isa = PBXGroup;
			children = (
				D8E285A02DDE0FBB0038DA9A /* RakuApp */,
				3FD17D542DEEDA8800C9BD69 /* Frameworks */,
				D8E2859F2DDE0FBB0038DA9A /* Products */,
			);
			sourceTree = "<group>";
		};
		D8E2859F2DDE0FBB0038DA9A /* Products */ = {
			isa = PBXGroup;
			children = (
				D8E2859E2DDE0FBB0038DA9A /* RakuApp.app */,
			);
			name = Products;
			sourceTree = "<group>";
		};
/* End PBXGroup section */

/* Begin PBXNativeTarget section */
		D8E2859D2DDE0FBB0038DA9A /* RakuApp */ = {
			isa = PBXNativeTarget;
			buildConfigurationList = D8E285AC2DDE0FBC0038DA9A /* Build configuration list for PBXNativeTarget "RakuApp" */;
			buildPhases = (
				D8E2859A2DDE0FBB0038DA9A /* Sources */,
				D8E2859B2DDE0FBB0038DA9A /* Frameworks */,
				D8E2859C2DDE0FBB0038DA9A /* Resources */,
			);
			buildRules = (
			);
			dependencies = (
			);
			fileSystemSynchronizedGroups = (
				D8E285A02DDE0FBB0038DA9A /* RakuApp */,
			);
			name = RakuApp;
			packageProductDependencies = (
				D8E286072DDE14120038DA9A /* FirebaseAnalytics */,
				D8E286092DDE14120038DA9A /* FirebaseAppCheck */,
				D8E2860B2DDE14120038DA9A /* FirebaseAuth */,
				D8E2860D2DDE14120038DA9A /* FirebaseCore */,
				D8E2860F2DDE14120038DA9A /* FirebaseDatabase */,
				D8E286172DDE1D440038DA9A /* GoogleSignIn */,
				D8E286192DDE1D440038DA9A /* GoogleSignInSwift */,
			);
			productName = RakuApp;
			productReference = D8E2859E2DDE0FBB0038DA9A /* RakuApp.app */;
			productType = "com.apple.product-type.application";
		};
/* End PBXNativeTarget section */

/* Begin PBXProject section */
		D8E285962DDE0FBA0038DA9A /* Project object */ = {
			isa = PBXProject;
			attributes = {
				BuildIndependentTargetsInParallel = 1;
				LastSwiftUpdateCheck = 1620;
				LastUpgradeCheck = 1620;
				TargetAttributes = {
					D8E2859D2DDE0FBB0038DA9A = {
						CreatedOnToolsVersion = 16.2;
					};
				};
			};
			buildConfigurationList = D8E285992DDE0FBA0038DA9A /* Build configuration list for PBXProject "RakuApp" */;
			developmentRegion = en;
			hasScannedForEncodings = 0;
			knownRegions = (
				en,
				Base,
			);
			mainGroup = D8E285952DDE0FBA0038DA9A;
			minimizedProjectReferenceProxies = 1;
			packageReferences = (
				D8E286062DDE14120038DA9A /* XCRemoteSwiftPackageReference "firebase-ios-sdk" */,
				D8E286162DDE1D440038DA9A /* XCRemoteSwiftPackageReference "GoogleSignIn-iOS" */,
			);
			preferredProjectObjectVersion = 77;
			productRefGroup = D8E2859F2DDE0FBB0038DA9A /* Products */;
			projectDirPath = "";
			projectRoot = "";
			targets = (
				D8E2859D2DDE0FBB0038DA9A /* RakuApp */,
			);
		};
/* End PBXProject section */

/* Begin PBXResourcesBuildPhase section */
		D8E2859C2DDE0FBB0038DA9A /* Resources */ = {
			isa = PBXResourcesBuildPhase;
			buildActionMask = 2147483647;
			files = (
			);
			runOnlyForDeploymentPostprocessing = 0;
		};
/* End PBXResourcesBuildPhase section */

/* Begin PBXSourcesBuildPhase section */
		D8E2859A2DDE0FBB0038DA9A /* Sources */ = {
			isa = PBXSourcesBuildPhase;
			buildActionMask = 2147483647;
			files = (
			);
			runOnlyForDeploymentPostprocessing = 0;
		};
/* End PBXSourcesBuildPhase section */

/* Begin XCBuildConfiguration section */
		D8E285AA2DDE0FBC0038DA9A /* Debug */ = {
			isa = XCBuildConfiguration;
			buildSettings = {
				ALWAYS_SEARCH_USER_PATHS = NO;
				ASSETCATALOG_COMPILER_GENERATE_SWIFT_ASSET_SYMBOL_EXTENSIONS = YES;
				CLANG_ANALYZER_NONNULL = YES;
				CLANG_ANALYZER_NUMBER_OBJECT_CONVERSION = YES_AGGRESSIVE;
				CLANG_CXX_LANGUAGE_STANDARD = "gnu++20";
				CLANG_ENABLE_MODULES = YES;
				CLANG_ENABLE_OBJC_ARC = YES;
				CLANG_ENABLE_OBJC_WEAK = YES;
				CLANG_WARN_BLOCK_CAPTURE_AUTORELEASING = YES;
				CLANG_WARN_BOOL_CONVERSION = YES;
				CLANG_WARN_COMMA = YES;
				CLANG_WARN_CONSTANT_CONVERSION = YES;
				CLANG_WARN_DEPRECATED_OBJC_IMPLEMENTATIONS = YES;
				CLANG_WARN_DIRECT_OBJC_ISA_USAGE = YES_ERROR;
				CLANG_WARN_DOCUMENTATION_COMMENTS = YES;
				CLANG_WARN_EMPTY_BODY = YES;
				CLANG_WARN_ENUM_CONVERSION = YES;
				CLANG_WARN_INFINITE_RECURSION = YES;
				CLANG_WARN_INT_CONVERSION = YES;
				CLANG_WARN_NON_LITERAL_NULL_CONVERSION = YES;
				CLANG_WARN_OBJC_IMPLICIT_RETAIN_SELF = YES;
				CLANG_WARN_OBJC_LITERAL_CONVERSION = YES;
				CLANG_WARN_OBJC_ROOT_CLASS = YES_ERROR;
				CLANG_WARN_QUOTED_INCLUDE_IN_FRAMEWORK_HEADER = YES;
				CLANG_WARN_RANGE_LOOP_ANALYSIS = YES;
				CLANG_WARN_STRICT_PROTOTYPES = YES;
				CLANG_WARN_SUSPICIOUS_MOVE = YES;
				CLANG_WARN_UNGUARDED_AVAILABILITY = YES_AGGRESSIVE;
				CLANG_WARN_UNREACHABLE_CODE = YES;
				CLANG_WARN__DUPLICATE_METHOD_MATCH = YES;
				COPY_PHASE_STRIP = NO;
				DEBUG_INFORMATION_FORMAT = dwarf;
				ENABLE_STRICT_OBJC_MSGSEND = YES;
				ENABLE_TESTABILITY = YES;
				ENABLE_USER_SCRIPT_SANDBOXING = YES;
				GCC_C_LANGUAGE_STANDARD = gnu17;
				GCC_DYNAMIC_NO_PIC = NO;
				GCC_NO_COMMON_BLOCKS = YES;
				GCC_OPTIMIZATION_LEVEL = 0;
				GCC_PREPROCESSOR_DEFINITIONS = (
					"DEBUG=1",
					"$(inherited)",
				);
				GCC_WARN_64_TO_32_BIT_CONVERSION = YES;
				GCC_WARN_ABOUT_RETURN_TYPE = YES_ERROR;
				GCC_WARN_UNDECLARED_SELECTOR = YES;
				GCC_WARN_UNINITIALIZED_AUTOS = YES_AGGRESSIVE;
				GCC_WARN_UNUSED_FUNCTION = YES;
				GCC_WARN_UNUSED_VARIABLE = YES;
				IPHONEOS_DEPLOYMENT_TARGET = 18.2;
				LOCALIZATION_PREFERS_STRING_CATALOGS = YES;
				MTL_ENABLE_DEBUG_INFO = INCLUDE_SOURCE;
				MTL_FAST_MATH = YES;
				ONLY_ACTIVE_ARCH = YES;
				SDKROOT = iphoneos;
				SWIFT_ACTIVE_COMPILATION_CONDITIONS = "DEBUG $(inherited)";
				SWIFT_OPTIMIZATION_LEVEL = "-Onone";
			};
			name = Debug;
		};
		D8E285AB2DDE0FBC0038DA9A /* Release */ = {
			isa = XCBuildConfiguration;
			buildSettings = {
				ALWAYS_SEARCH_USER_PATHS = NO;
				ASSETCATALOG_COMPILER_GENERATE_SWIFT_ASSET_SYMBOL_EXTENSIONS = YES;
				CLANG_ANALYZER_NONNULL = YES;
				CLANG_ANALYZER_NUMBER_OBJECT_CONVERSION = YES_AGGRESSIVE;
				CLANG_CXX_LANGUAGE_STANDARD = "gnu++20";
				CLANG_ENABLE_MODULES = YES;
				CLANG_ENABLE_OBJC_ARC = YES;
				CLANG_ENABLE_OBJC_WEAK = YES;
				CLANG_WARN_BLOCK_CAPTURE_AUTORELEASING = YES;
				CLANG_WARN_BOOL_CONVERSION = YES;
				CLANG_WARN_COMMA = YES;
				CLANG_WARN_CONSTANT_CONVERSION = YES;
				CLANG_WARN_DEPRECATED_OBJC_IMPLEMENTATIONS = YES;
				CLANG_WARN_DIRECT_OBJC_ISA_USAGE = YES_ERROR;
				CLANG_WARN_DOCUMENTATION_COMMENTS = YES;
				CLANG_WARN_EMPTY_BODY = YES;
				CLANG_WARN_ENUM_CONVERSION = YES;
				CLANG_WARN_INFINITE_RECURSION = YES;
				CLANG_WARN_INT_CONVERSION = YES;
				CLANG_WARN_NON_LITERAL_NULL_CONVERSION = YES;
				CLANG_WARN_OBJC_IMPLICIT_RETAIN_SELF = YES;
				CLANG_WARN_OBJC_LITERAL_CONVERSION = YES;
				CLANG_WARN_OBJC_ROOT_CLASS = YES_ERROR;
				CLANG_WARN_QUOTED_INCLUDE_IN_FRAMEWORK_HEADER = YES;
				CLANG_WARN_RANGE_LOOP_ANALYSIS = YES;
				CLANG_WARN_STRICT_PROTOTYPES = YES;
				CLANG_WARN_SUSPICIOUS_MOVE = YES;
				CLANG_WARN_UNGUARDED_AVAILABILITY = YES_AGGRESSIVE;
				CLANG_WARN_UNREACHABLE_CODE = YES;
				CLANG_WARN__DUPLICATE_METHOD_MATCH = YES;
				COPY_PHASE_STRIP = NO;
				DEBUG_INFORMATION_FORMAT = "dwarf-with-dsym";
				ENABLE_NS_ASSERTIONS = NO;
				ENABLE_STRICT_OBJC_MSGSEND = YES;
				ENABLE_USER_SCRIPT_SANDBOXING = YES;
				GCC_C_LANGUAGE_STANDARD = gnu17;
				GCC_NO_COMMON_BLOCKS = YES;
				GCC_WARN_64_TO_32_BIT_CONVERSION = YES;
				GCC_WARN_ABOUT_RETURN_TYPE = YES_ERROR;
				GCC_WARN_UNDECLARED_SELECTOR = YES;
				GCC_WARN_UNINITIALIZED_AUTOS = YES_AGGRESSIVE;
				GCC_WARN_UNUSED_FUNCTION = YES;
				GCC_WARN_UNUSED_VARIABLE = YES;
				IPHONEOS_DEPLOYMENT_TARGET = 18.2;
				LOCALIZATION_PREFERS_STRING_CATALOGS = YES;
				MTL_ENABLE_DEBUG_INFO = NO;
				MTL_FAST_MATH = YES;
				SDKROOT = iphoneos;
				SWIFT_COMPILATION_MODE = wholemodule;
				VALIDATE_PRODUCT = YES;
			};
			name = Release;
		};
		D8E285AD2DDE0FBC0038DA9A /* Debug */ = {
			isa = XCBuildConfiguration;
			buildSettings = {
				ASSETCATALOG_COMPILER_APPICON_NAME = AppIcon;
				ASSETCATALOG_COMPILER_GLOBAL_ACCENT_COLOR_NAME = AccentColor;
				CODE_SIGN_ENTITLEMENTS = RakuApp/RakuApp.entitlements;
				CODE_SIGN_STYLE = Automatic;
				CURRENT_PROJECT_VERSION = 1;
				DEVELOPMENT_ASSET_PATHS = "\"RakuApp/Preview Content\"";
				DEVELOPMENT_TEAM = 4ZSQLGUNB9;
				ENABLE_PREVIEWS = YES;
				GENERATE_INFOPLIST_FILE = YES;
				INFOPLIST_FILE = RakuApp/Info.plist;
				INFOPLIST_KEY_NSHealthShareUsageDescription = Share;
				INFOPLIST_KEY_NSHealthUpdateUsageDescription = Update;
				INFOPLIST_KEY_UIApplicationSceneManifest_Generation = YES;
				INFOPLIST_KEY_UIApplicationSupportsIndirectInputEvents = YES;
				INFOPLIST_KEY_UILaunchScreen_Generation = YES;
				INFOPLIST_KEY_UISupportedInterfaceOrientations_iPad = "UIInterfaceOrientationPortrait UIInterfaceOrientationPortraitUpsideDown UIInterfaceOrientationLandscapeLeft UIInterfaceOrientationLandscapeRight";
				INFOPLIST_KEY_UISupportedInterfaceOrientations_iPhone = "UIInterfaceOrientationPortrait UIInterfaceOrientationLandscapeLeft UIInterfaceOrientationLandscapeRight";
				LD_RUNPATH_SEARCH_PATHS = (
					"$(inherited)",
					"@executable_path/Frameworks",
				);
				MARKETING_VERSION = 1.0;
				PRODUCT_BUNDLE_IDENTIFIER = Surya.RakuApp;
				PRODUCT_NAME = "$(TARGET_NAME)";
				SWIFT_EMIT_LOC_STRINGS = YES;
				SWIFT_VERSION = 5.0;
				TARGETED_DEVICE_FAMILY = "1,2";
			};
			name = Debug;
		};
		D8E285AE2DDE0FBC0038DA9A /* Release */ = {
			isa = XCBuildConfiguration;
			buildSettings = {
				ASSETCATALOG_COMPILER_APPICON_NAME = AppIcon;
				ASSETCATALOG_COMPILER_GLOBAL_ACCENT_COLOR_NAME = AccentColor;
				CODE_SIGN_ENTITLEMENTS = RakuApp/RakuApp.entitlements;
				CODE_SIGN_STYLE = Automatic;
				CURRENT_PROJECT_VERSION = 1;
				DEVELOPMENT_ASSET_PATHS = "\"RakuApp/Preview Content\"";
				DEVELOPMENT_TEAM = 4ZSQLGUNB9;
				ENABLE_PREVIEWS = YES;
				GENERATE_INFOPLIST_FILE = YES;
				INFOPLIST_FILE = RakuApp/Info.plist;
				INFOPLIST_KEY_NSHealthShareUsageDescription = Share;
				INFOPLIST_KEY_NSHealthUpdateUsageDescription = Update;
				INFOPLIST_KEY_UIApplicationSceneManifest_Generation = YES;
				INFOPLIST_KEY_UIApplicationSupportsIndirectInputEvents = YES;
				INFOPLIST_KEY_UILaunchScreen_Generation = YES;
				INFOPLIST_KEY_UISupportedInterfaceOrientations_iPad = "UIInterfaceOrientationPortrait UIInterfaceOrientationPortraitUpsideDown UIInterfaceOrientationLandscapeLeft UIInterfaceOrientationLandscapeRight";
				INFOPLIST_KEY_UISupportedInterfaceOrientations_iPhone = "UIInterfaceOrientationPortrait UIInterfaceOrientationLandscapeLeft UIInterfaceOrientationLandscapeRight";
				LD_RUNPATH_SEARCH_PATHS = (
					"$(inherited)",
					"@executable_path/Frameworks",
				);
				MARKETING_VERSION = 1.0;
				PRODUCT_BUNDLE_IDENTIFIER = Surya.RakuApp;
				PRODUCT_NAME = "$(TARGET_NAME)";
				SWIFT_EMIT_LOC_STRINGS = YES;
				SWIFT_VERSION = 5.0;
				TARGETED_DEVICE_FAMILY = "1,2";
			};
			name = Release;
		};
/* End XCBuildConfiguration section */

/* Begin XCConfigurationList section */
		D8E285992DDE0FBA0038DA9A /* Build configuration list for PBXProject "RakuApp" */ = {
			isa = XCConfigurationList;
			buildConfigurations = (
				D8E285AA2DDE0FBC0038DA9A /* Debug */,
				D8E285AB2DDE0FBC0038DA9A /* Release */,
			);
			defaultConfigurationIsVisible = 0;
			defaultConfigurationName = Release;
		};
		D8E285AC2DDE0FBC0038DA9A /* Build configuration list for PBXNativeTarget "RakuApp" */ = {
			isa = XCConfigurationList;
			buildConfigurations = (
				D8E285AD2DDE0FBC0038DA9A /* Debug */,
				D8E285AE2DDE0FBC0038DA9A /* Release */,
			);
			defaultConfigurationIsVisible = 0;
			defaultConfigurationName = Release;
		};
/* End XCConfigurationList section */

/* Begin XCRemoteSwiftPackageReference section */
		D8E286062DDE14120038DA9A /* XCRemoteSwiftPackageReference "firebase-ios-sdk" */ = {
			isa = XCRemoteSwiftPackageReference;
			repositoryURL = "https://github.com/firebase/firebase-ios-sdk";
			requirement = {
				kind = upToNextMajorVersion;
				minimumVersion = 11.13.0;
			};
		};
		D8E286162DDE1D440038DA9A /* XCRemoteSwiftPackageReference "GoogleSignIn-iOS" */ = {
			isa = XCRemoteSwiftPackageReference;
			repositoryURL = "https://github.com/google/GoogleSignIn-iOS";
			requirement = {
				kind = upToNextMajorVersion;
				minimumVersion = 8.0.0;
			};
		};
/* End XCRemoteSwiftPackageReference section */

/* Begin XCSwiftPackageProductDependency section */
		D8E286072DDE14120038DA9A /* FirebaseAnalytics */ = {
			isa = XCSwiftPackageProductDependency;
			package = D8E286062DDE14120038DA9A /* XCRemoteSwiftPackageReference "firebase-ios-sdk" */;
			productName = FirebaseAnalytics;
		};
		D8E286092DDE14120038DA9A /* FirebaseAppCheck */ = {
			isa = XCSwiftPackageProductDependency;
			package = D8E286062DDE14120038DA9A /* XCRemoteSwiftPackageReference "firebase-ios-sdk" */;
			productName = FirebaseAppCheck;
		};
		D8E2860B2DDE14120038DA9A /* FirebaseAuth */ = {
			isa = XCSwiftPackageProductDependency;
			package = D8E286062DDE14120038DA9A /* XCRemoteSwiftPackageReference "firebase-ios-sdk" */;
			productName = FirebaseAuth;
		};
		D8E2860D2DDE14120038DA9A /* FirebaseCore */ = {
			isa = XCSwiftPackageProductDependency;
			package = D8E286062DDE14120038DA9A /* XCRemoteSwiftPackageReference "firebase-ios-sdk" */;
			productName = FirebaseCore;
		};
		D8E2860F2DDE14120038DA9A /* FirebaseDatabase */ = {
			isa = XCSwiftPackageProductDependency;
			package = D8E286062DDE14120038DA9A /* XCRemoteSwiftPackageReference "firebase-ios-sdk" */;
			productName = FirebaseDatabase;
		};
		D8E286172DDE1D440038DA9A /* GoogleSignIn */ = {
			isa = XCSwiftPackageProductDependency;
			package = D8E286162DDE1D440038DA9A /* XCRemoteSwiftPackageReference "GoogleSignIn-iOS" */;
			productName = GoogleSignIn;
		};
		D8E286192DDE1D440038DA9A /* GoogleSignInSwift */ = {
			isa = XCSwiftPackageProductDependency;
			package = D8E286162DDE1D440038DA9A /* XCRemoteSwiftPackageReference "GoogleSignIn-iOS" */;
			productName = GoogleSignInSwift;
		};
/* End XCSwiftPackageProductDependency section */
	};
	rootObject = D8E285962DDE0FBA0038DA9A /* Project object */;
}
